// !$*UTF8*$!
{
	archiveVersion = 1;
	classes = {
	};
	objectVersion = 48;
	objects = {

/* Begin PBXBuildFile section */
		D4D2F232204F81B400073545 /* AppDelegate.m in Sources */ = {isa = PBXBuildFile; fileRef = D4D2F231204F81B400073545 /* AppDelegate.m */; };
		D4D2F235204F81B400073545 /* ViewController.m in Sources */ = {isa = PBXBuildFile; fileRef = D4D2F234204F81B400073545 /* ViewController.m */; };
		D4D2F238204F81B400073545 /* Main.storyboard in Resources */ = {isa = PBXBuildFile; fileRef = D4D2F236204F81B400073545 /* Main.storyboard */; };
		D4D2F23A204F81B400073545 /* Assets.xcassets in Resources */ = {isa = PBXBuildFile; fileRef = D4D2F239204F81B400073545 /* Assets.xcassets */; };
		D4D2F23D204F81B400073545 /* LaunchScreen.storyboard in Resources */ = {isa = PBXBuildFile; fileRef = D4D2F23B204F81B400073545 /* LaunchScreen.storyboard */; };
		D4D2F240204F81B400073545 /* main.m in Sources */ = {isa = PBXBuildFile; fileRef = D4D2F23F204F81B400073545 /* main.m */; };
		D4D2F24A204F81B400073545 /* CircleProgressViewTests.m in Sources */ = {isa = PBXBuildFile; fileRef = D4D2F249204F81B400073545 /* CircleProgressViewTests.m */; };
		D4D2F255204F81B400073545 /* CircleProgressViewUITests.m in Sources */ = {isa = PBXBuildFile; fileRef = D4D2F254204F81B400073545 /* CircleProgressViewUITests.m */; };
		D4D2F29B204F83BD00073545 /* pop-ios-Info.plist in Resources */ = {isa = PBXBuildFile; fileRef = D4D2F264204F83BD00073545 /* pop-ios-Info.plist */; };
		D4D2F29C204F83BD00073545 /* pop-osx-Info.plist in Resources */ = {isa = PBXBuildFile; fileRef = D4D2F265204F83BD00073545 /* pop-osx-Info.plist */; };
		D4D2F29D204F83BD00073545 /* pop-tvos-Info.plist in Resources */ = {isa = PBXBuildFile; fileRef = D4D2F266204F83BD00073545 /* pop-tvos-Info.plist */; };
		D4D2F29E204F83BD00073545 /* POPAnimatableProperty.mm in Sources */ = {isa = PBXBuildFile; fileRef = D4D2F26A204F83BD00073545 /* POPAnimatableProperty.mm */; };
		D4D2F29F204F83BD00073545 /* POPAnimation.mm in Sources */ = {isa = PBXBuildFile; fileRef = D4D2F26C204F83BD00073545 /* POPAnimation.mm */; };
		D4D2F2A0204F83BD00073545 /* POPAnimationEvent.mm in Sources */ = {isa = PBXBuildFile; fileRef = D4D2F26E204F83BD00073545 /* POPAnimationEvent.mm */; };
		D4D2F2A1204F83BD00073545 /* POPAnimationExtras.mm in Sources */ = {isa = PBXBuildFile; fileRef = D4D2F271204F83BD00073545 /* POPAnimationExtras.mm */; };
		D4D2F2A2204F83BD00073545 /* POPAnimationRuntime.mm in Sources */ = {isa = PBXBuildFile; fileRef = D4D2F275204F83BD00073545 /* POPAnimationRuntime.mm */; };
		D4D2F2A3204F83BD00073545 /* POPAnimationTracer.mm in Sources */ = {isa = PBXBuildFile; fileRef = D4D2F277204F83BD00073545 /* POPAnimationTracer.mm */; };
		D4D2F2A4204F83BD00073545 /* POPAnimator.mm in Sources */ = {isa = PBXBuildFile; fileRef = D4D2F27A204F83BD00073545 /* POPAnimator.mm */; };
		D4D2F2A5204F83BD00073545 /* POPBasicAnimation.mm in Sources */ = {isa = PBXBuildFile; fileRef = D4D2F27D204F83BD00073545 /* POPBasicAnimation.mm */; };
		D4D2F2A6204F83BD00073545 /* POPCGUtils.mm in Sources */ = {isa = PBXBuildFile; fileRef = D4D2F280204F83BD00073545 /* POPCGUtils.mm */; };
		D4D2F2A7204F83BD00073545 /* POPCustomAnimation.mm in Sources */ = {isa = PBXBuildFile; fileRef = D4D2F282204F83BD00073545 /* POPCustomAnimation.mm */; };
		D4D2F2A8204F83BD00073545 /* POPDecayAnimation.mm in Sources */ = {isa = PBXBuildFile; fileRef = D4D2F284204F83BD00073545 /* POPDecayAnimation.mm */; };
		D4D2F2A9204F83BD00073545 /* POPGeometry.mm in Sources */ = {isa = PBXBuildFile; fileRef = D4D2F288204F83BD00073545 /* POPGeometry.mm */; };
		D4D2F2AA204F83BD00073545 /* POPLayerExtras.mm in Sources */ = {isa = PBXBuildFile; fileRef = D4D2F28A204F83BD00073545 /* POPLayerExtras.mm */; };
		D4D2F2AB204F83BD00073545 /* POPMath.mm in Sources */ = {isa = PBXBuildFile; fileRef = D4D2F28C204F83BD00073545 /* POPMath.mm */; };
		D4D2F2AC204F83BD00073545 /* POPPropertyAnimation.mm in Sources */ = {isa = PBXBuildFile; fileRef = D4D2F28E204F83BD00073545 /* POPPropertyAnimation.mm */; };
		D4D2F2AD204F83BD00073545 /* POPSpringAnimation.mm in Sources */ = {isa = PBXBuildFile; fileRef = D4D2F291204F83BD00073545 /* POPSpringAnimation.mm */; };
		D4D2F2AE204F83BD00073545 /* POPVector.mm in Sources */ = {isa = PBXBuildFile; fileRef = D4D2F295204F83BD00073545 /* POPVector.mm */; };
		D4D2F2AF204F83BD00073545 /* TransformationMatrix.cpp in Sources */ = {isa = PBXBuildFile; fileRef = D4D2F298204F83BD00073545 /* TransformationMatrix.cpp */; };
		D4D2F2B2204F83CD00073545 /* UIColor+Ext.m in Sources */ = {isa = PBXBuildFile; fileRef = D4D2F2B1204F83CC00073545 /* UIColor+Ext.m */; };
		D4D2F2B5204F83DB00073545 /* CircleView.m in Sources */ = {isa = PBXBuildFile; fileRef = D4D2F2B4204F83DB00073545 /* CircleView.m */; };
/* End PBXBuildFile section */

/* Begin PBXContainerItemProxy section */
		D4D2F246204F81B400073545 /* PBXContainerItemProxy */ = {
			isa = PBXContainerItemProxy;
			containerPortal = D4D2F225204F81B300073545 /* Project object */;
			proxyType = 1;
			remoteGlobalIDString = D4D2F22C204F81B300073545;
			remoteInfo = CircleProgressView;
		};
		D4D2F251204F81B400073545 /* PBXContainerItemProxy */ = {
			isa = PBXContainerItemProxy;
			containerPortal = D4D2F225204F81B300073545 /* Project object */;
			proxyType = 1;
			remoteGlobalIDString = D4D2F22C204F81B300073545;
			remoteInfo = CircleProgressView;
		};
/* End PBXContainerItemProxy section */

/* Begin PBXFileReference section */
		D4D2F22D204F81B400073545 /* CircleProgressView.app */ = {isa = PBXFileReference; explicitFileType = wrapper.application; includeInIndex = 0; path = CircleProgressView.app; sourceTree = BUILT_PRODUCTS_DIR; };
		D4D2F230204F81B400073545 /* AppDelegate.h */ = {isa = PBXFileReference; lastKnownFileType = sourcecode.c.h; path = AppDelegate.h; sourceTree = "<group>"; };
		D4D2F231204F81B400073545 /* AppDelegate.m */ = {isa = PBXFileReference; lastKnownFileType = sourcecode.c.objc; path = AppDelegate.m; sourceTree = "<group>"; };
		D4D2F233204F81B400073545 /* ViewController.h */ = {isa = PBXFileReference; lastKnownFileType = sourcecode.c.h; path = ViewController.h; sourceTree = "<group>"; };
		D4D2F234204F81B400073545 /* ViewController.m */ = {isa = PBXFileReference; lastKnownFileType = sourcecode.c.objc; path = ViewController.m; sourceTree = "<group>"; };
		D4D2F237204F81B400073545 /* Base */ = {isa = PBXFileReference; lastKnownFileType = file.storyboard; name = Base; path = Base.lproj/Main.storyboard; sourceTree = "<group>"; };
		D4D2F239204F81B400073545 /* Assets.xcassets */ = {isa = PBXFileReference; lastKnownFileType = folder.assetcatalog; path = Assets.xcassets; sourceTree = "<group>"; };
		D4D2F23C204F81B400073545 /* Base */ = {isa = PBXFileReference; lastKnownFileType = file.storyboard; name = Base; path = Base.lproj/LaunchScreen.storyboard; sourceTree = "<group>"; };
		D4D2F23E204F81B400073545 /* Info.plist */ = {isa = PBXFileReference; lastKnownFileType = text.plist.xml; path = Info.plist; sourceTree = "<group>"; };
		D4D2F23F204F81B400073545 /* main.m */ = {isa = PBXFileReference; lastKnownFileType = sourcecode.c.objc; path = main.m; sourceTree = "<group>"; };
		D4D2F245204F81B400073545 /* CircleProgressViewTests.xctest */ = {isa = PBXFileReference; explicitFileType = wrapper.cfbundle; includeInIndex = 0; path = CircleProgressViewTests.xctest; sourceTree = BUILT_PRODUCTS_DIR; };
		D4D2F249204F81B400073545 /* CircleProgressViewTests.m */ = {isa = PBXFileReference; lastKnownFileType = sourcecode.c.objc; path = CircleProgressViewTests.m; sourceTree = "<group>"; };
		D4D2F24B204F81B400073545 /* Info.plist */ = {isa = PBXFileReference; lastKnownFileType = text.plist.xml; path = Info.plist; sourceTree = "<group>"; };
		D4D2F250204F81B400073545 /* CircleProgressViewUITests.xctest */ = {isa = PBXFileReference; explicitFileType = wrapper.cfbundle; includeInIndex = 0; path = CircleProgressViewUITests.xctest; sourceTree = BUILT_PRODUCTS_DIR; };
		D4D2F254204F81B400073545 /* CircleProgressViewUITests.m */ = {isa = PBXFileReference; lastKnownFileType = sourcecode.c.objc; path = CircleProgressViewUITests.m; sourceTree = "<group>"; };
		D4D2F256204F81B400073545 /* Info.plist */ = {isa = PBXFileReference; lastKnownFileType = text.plist.xml; path = Info.plist; sourceTree = "<group>"; };
		D4D2F263204F83BD00073545 /* module.modulemap */ = {isa = PBXFileReference; fileEncoding = 4; lastKnownFileType = "sourcecode.module-map"; path = module.modulemap; sourceTree = "<group>"; };
		D4D2F264204F83BD00073545 /* pop-ios-Info.plist */ = {isa = PBXFileReference; fileEncoding = 4; lastKnownFileType = text.plist.xml; path = "pop-ios-Info.plist"; sourceTree = "<group>"; };
		D4D2F265204F83BD00073545 /* pop-osx-Info.plist */ = {isa = PBXFileReference; fileEncoding = 4; lastKnownFileType = text.plist.xml; path = "pop-osx-Info.plist"; sourceTree = "<group>"; };
		D4D2F266204F83BD00073545 /* pop-tvos-Info.plist */ = {isa = PBXFileReference; fileEncoding = 4; lastKnownFileType = text.plist.xml; path = "pop-tvos-Info.plist"; sourceTree = "<group>"; };
		D4D2F267204F83BD00073545 /* POP.h */ = {isa = PBXFileReference; fileEncoding = 4; lastKnownFileType = sourcecode.c.h; path = POP.h; sourceTree = "<group>"; };
		D4D2F268204F83BD00073545 /* POPAction.h */ = {isa = PBXFileReference; fileEncoding = 4; lastKnownFileType = sourcecode.c.h; path = POPAction.h; sourceTree = "<group>"; };
		D4D2F269204F83BD00073545 /* POPAnimatableProperty.h */ = {isa = PBXFileReference; fileEncoding = 4; lastKnownFileType = sourcecode.c.h; path = POPAnimatableProperty.h; sourceTree = "<group>"; };
		D4D2F26A204F83BD00073545 /* POPAnimatableProperty.mm */ = {isa = PBXFileReference; fileEncoding = 4; lastKnownFileType = sourcecode.cpp.objcpp; path = POPAnimatableProperty.mm; sourceTree = "<group>"; };
		D4D2F26B204F83BD00073545 /* POPAnimation.h */ = {isa = PBXFileReference; fileEncoding = 4; lastKnownFileType = sourcecode.c.h; path = POPAnimation.h; sourceTree = "<group>"; };
		D4D2F26C204F83BD00073545 /* POPAnimation.mm */ = {isa = PBXFileReference; fileEncoding = 4; lastKnownFileType = sourcecode.cpp.objcpp; path = POPAnimation.mm; sourceTree = "<group>"; };
		D4D2F26D204F83BD00073545 /* POPAnimationEvent.h */ = {isa = PBXFileReference; fileEncoding = 4; lastKnownFileType = sourcecode.c.h; path = POPAnimationEvent.h; sourceTree = "<group>"; };
		D4D2F26E204F83BD00073545 /* POPAnimationEvent.mm */ = {isa = PBXFileReference; fileEncoding = 4; lastKnownFileType = sourcecode.cpp.objcpp; path = POPAnimationEvent.mm; sourceTree = "<group>"; };
		D4D2F26F204F83BD00073545 /* POPAnimationEventInternal.h */ = {isa = PBXFileReference; fileEncoding = 4; lastKnownFileType = sourcecode.c.h; path = POPAnimationEventInternal.h; sourceTree = "<group>"; };
		D4D2F270204F83BD00073545 /* POPAnimationExtras.h */ = {isa = PBXFileReference; fileEncoding = 4; lastKnownFileType = sourcecode.c.h; path = POPAnimationExtras.h; sourceTree = "<group>"; };
		D4D2F271204F83BD00073545 /* POPAnimationExtras.mm */ = {isa = PBXFileReference; fileEncoding = 4; lastKnownFileType = sourcecode.cpp.objcpp; path = POPAnimationExtras.mm; sourceTree = "<group>"; };
		D4D2F272204F83BD00073545 /* POPAnimationInternal.h */ = {isa = PBXFileReference; fileEncoding = 4; lastKnownFileType = sourcecode.c.h; path = POPAnimationInternal.h; sourceTree = "<group>"; };
		D4D2F273204F83BD00073545 /* POPAnimationPrivate.h */ = {isa = PBXFileReference; fileEncoding = 4; lastKnownFileType = sourcecode.c.h; path = POPAnimationPrivate.h; sourceTree = "<group>"; };
		D4D2F274204F83BD00073545 /* POPAnimationRuntime.h */ = {isa = PBXFileReference; fileEncoding = 4; lastKnownFileType = sourcecode.c.h; path = POPAnimationRuntime.h; sourceTree = "<group>"; };
		D4D2F275204F83BD00073545 /* POPAnimationRuntime.mm */ = {isa = PBXFileReference; fileEncoding = 4; lastKnownFileType = sourcecode.cpp.objcpp; path = POPAnimationRuntime.mm; sourceTree = "<group>"; };
		D4D2F276204F83BD00073545 /* POPAnimationTracer.h */ = {isa = PBXFileReference; fileEncoding = 4; lastKnownFileType = sourcecode.c.h; path = POPAnimationTracer.h; sourceTree = "<group>"; };
		D4D2F277204F83BD00073545 /* POPAnimationTracer.mm */ = {isa = PBXFileReference; fileEncoding = 4; lastKnownFileType = sourcecode.cpp.objcpp; path = POPAnimationTracer.mm; sourceTree = "<group>"; };
		D4D2F278204F83BD00073545 /* POPAnimationTracerInternal.h */ = {isa = PBXFileReference; fileEncoding = 4; lastKnownFileType = sourcecode.c.h; path = POPAnimationTracerInternal.h; sourceTree = "<group>"; };
		D4D2F279204F83BD00073545 /* POPAnimator.h */ = {isa = PBXFileReference; fileEncoding = 4; lastKnownFileType = sourcecode.c.h; path = POPAnimator.h; sourceTree = "<group>"; };
		D4D2F27A204F83BD00073545 /* POPAnimator.mm */ = {isa = PBXFileReference; fileEncoding = 4; lastKnownFileType = sourcecode.cpp.objcpp; path = POPAnimator.mm; sourceTree = "<group>"; };
		D4D2F27B204F83BD00073545 /* POPAnimatorPrivate.h */ = {isa = PBXFileReference; fileEncoding = 4; lastKnownFileType = sourcecode.c.h; path = POPAnimatorPrivate.h; sourceTree = "<group>"; };
		D4D2F27C204F83BD00073545 /* POPBasicAnimation.h */ = {isa = PBXFileReference; fileEncoding = 4; lastKnownFileType = sourcecode.c.h; path = POPBasicAnimation.h; sourceTree = "<group>"; };
		D4D2F27D204F83BD00073545 /* POPBasicAnimation.mm */ = {isa = PBXFileReference; fileEncoding = 4; lastKnownFileType = sourcecode.cpp.objcpp; path = POPBasicAnimation.mm; sourceTree = "<group>"; };
		D4D2F27E204F83BD00073545 /* POPBasicAnimationInternal.h */ = {isa = PBXFileReference; fileEncoding = 4; lastKnownFileType = sourcecode.c.h; path = POPBasicAnimationInternal.h; sourceTree = "<group>"; };
		D4D2F27F204F83BD00073545 /* POPCGUtils.h */ = {isa = PBXFileReference; fileEncoding = 4; lastKnownFileType = sourcecode.c.h; path = POPCGUtils.h; sourceTree = "<group>"; };
		D4D2F280204F83BD00073545 /* POPCGUtils.mm */ = {isa = PBXFileReference; fileEncoding = 4; lastKnownFileType = sourcecode.cpp.objcpp; path = POPCGUtils.mm; sourceTree = "<group>"; };
		D4D2F281204F83BD00073545 /* POPCustomAnimation.h */ = {isa = PBXFileReference; fileEncoding = 4; lastKnownFileType = sourcecode.c.h; path = POPCustomAnimation.h; sourceTree = "<group>"; };
		D4D2F282204F83BD00073545 /* POPCustomAnimation.mm */ = {isa = PBXFileReference; fileEncoding = 4; lastKnownFileType = sourcecode.cpp.objcpp; path = POPCustomAnimation.mm; sourceTree = "<group>"; };
		D4D2F283204F83BD00073545 /* POPDecayAnimation.h */ = {isa = PBXFileReference; fileEncoding = 4; lastKnownFileType = sourcecode.c.h; path = POPDecayAnimation.h; sourceTree = "<group>"; };
		D4D2F284204F83BD00073545 /* POPDecayAnimation.mm */ = {isa = PBXFileReference; fileEncoding = 4; lastKnownFileType = sourcecode.cpp.objcpp; path = POPDecayAnimation.mm; sourceTree = "<group>"; };
		D4D2F285204F83BD00073545 /* POPDecayAnimationInternal.h */ = {isa = PBXFileReference; fileEncoding = 4; lastKnownFileType = sourcecode.c.h; path = POPDecayAnimationInternal.h; sourceTree = "<group>"; };
		D4D2F286204F83BD00073545 /* POPDefines.h */ = {isa = PBXFileReference; fileEncoding = 4; lastKnownFileType = sourcecode.c.h; path = POPDefines.h; sourceTree = "<group>"; };
		D4D2F287204F83BD00073545 /* POPGeometry.h */ = {isa = PBXFileReference; fileEncoding = 4; lastKnownFileType = sourcecode.c.h; path = POPGeometry.h; sourceTree = "<group>"; };
		D4D2F288204F83BD00073545 /* POPGeometry.mm */ = {isa = PBXFileReference; fileEncoding = 4; lastKnownFileType = sourcecode.cpp.objcpp; path = POPGeometry.mm; sourceTree = "<group>"; };
		D4D2F289204F83BD00073545 /* POPLayerExtras.h */ = {isa = PBXFileReference; fileEncoding = 4; lastKnownFileType = sourcecode.c.h; path = POPLayerExtras.h; sourceTree = "<group>"; };
		D4D2F28A204F83BD00073545 /* POPLayerExtras.mm */ = {isa = PBXFileReference; fileEncoding = 4; lastKnownFileType = sourcecode.cpp.objcpp; path = POPLayerExtras.mm; sourceTree = "<group>"; };
		D4D2F28B204F83BD00073545 /* POPMath.h */ = {isa = PBXFileReference; fileEncoding = 4; lastKnownFileType = sourcecode.c.h; path = POPMath.h; sourceTree = "<group>"; };
		D4D2F28C204F83BD00073545 /* POPMath.mm */ = {isa = PBXFileReference; fileEncoding = 4; lastKnownFileType = sourcecode.cpp.objcpp; path = POPMath.mm; sourceTree = "<group>"; };
		D4D2F28D204F83BD00073545 /* POPPropertyAnimation.h */ = {isa = PBXFileReference; fileEncoding = 4; lastKnownFileType = sourcecode.c.h; path = POPPropertyAnimation.h; sourceTree = "<group>"; };
		D4D2F28E204F83BD00073545 /* POPPropertyAnimation.mm */ = {isa = PBXFileReference; fileEncoding = 4; lastKnownFileType = sourcecode.cpp.objcpp; path = POPPropertyAnimation.mm; sourceTree = "<group>"; };
		D4D2F28F204F83BD00073545 /* POPPropertyAnimationInternal.h */ = {isa = PBXFileReference; fileEncoding = 4; lastKnownFileType = sourcecode.c.h; path = POPPropertyAnimationInternal.h; sourceTree = "<group>"; };
		D4D2F290204F83BD00073545 /* POPSpringAnimation.h */ = {isa = PBXFileReference; fileEncoding = 4; lastKnownFileType = sourcecode.c.h; path = POPSpringAnimation.h; sourceTree = "<group>"; };
		D4D2F291204F83BD00073545 /* POPSpringAnimation.mm */ = {isa = PBXFileReference; fileEncoding = 4; lastKnownFileType = sourcecode.cpp.objcpp; path = POPSpringAnimation.mm; sourceTree = "<group>"; };
		D4D2F292204F83BD00073545 /* POPSpringAnimationInternal.h */ = {isa = PBXFileReference; fileEncoding = 4; lastKnownFileType = sourcecode.c.h; path = POPSpringAnimationInternal.h; sourceTree = "<group>"; };
		D4D2F293204F83BD00073545 /* POPSpringSolver.h */ = {isa = PBXFileReference; fileEncoding = 4; lastKnownFileType = sourcecode.c.h; path = POPSpringSolver.h; sourceTree = "<group>"; };
		D4D2F294204F83BD00073545 /* POPVector.h */ = {isa = PBXFileReference; fileEncoding = 4; lastKnownFileType = sourcecode.c.h; path = POPVector.h; sourceTree = "<group>"; };
		D4D2F295204F83BD00073545 /* POPVector.mm */ = {isa = PBXFileReference; fileEncoding = 4; lastKnownFileType = sourcecode.cpp.objcpp; path = POPVector.mm; sourceTree = "<group>"; };
		D4D2F297204F83BD00073545 /* FloatConversion.h */ = {isa = PBXFileReference; fileEncoding = 4; lastKnownFileType = sourcecode.c.h; path = FloatConversion.h; sourceTree = "<group>"; };
		D4D2F298204F83BD00073545 /* TransformationMatrix.cpp */ = {isa = PBXFileReference; fileEncoding = 4; lastKnownFileType = sourcecode.cpp.cpp; path = TransformationMatrix.cpp; sourceTree = "<group>"; };
		D4D2F299204F83BD00073545 /* TransformationMatrix.h */ = {isa = PBXFileReference; fileEncoding = 4; lastKnownFileType = sourcecode.c.h; path = TransformationMatrix.h; sourceTree = "<group>"; };
		D4D2F29A204F83BD00073545 /* UnitBezier.h */ = {isa = PBXFileReference; fileEncoding = 4; lastKnownFileType = sourcecode.c.h; path = UnitBezier.h; sourceTree = "<group>"; };
		D4D2F2B0204F83CC00073545 /* UIColor+Ext.h */ = {isa = PBXFileReference; fileEncoding = 4; lastKnownFileType = sourcecode.c.h; path = "UIColor+Ext.h"; sourceTree = "<group>"; };
		D4D2F2B1204F83CC00073545 /* UIColor+Ext.m */ = {isa = PBXFileReference; fileEncoding = 4; lastKnownFileType = sourcecode.c.objc; path = "UIColor+Ext.m"; sourceTree = "<group>"; };
		D4D2F2B3204F83DA00073545 /* CircleView.h */ = {isa = PBXFileReference; fileEncoding = 4; lastKnownFileType = sourcecode.c.h; path = CircleView.h; sourceTree = "<group>"; };
		D4D2F2B4204F83DB00073545 /* CircleView.m */ = {isa = PBXFileReference; fileEncoding = 4; lastKnownFileType = sourcecode.c.objc; path = CircleView.m; sourceTree = "<group>"; };
/* End PBXFileReference section */

/* Begin PBXFrameworksBuildPhase section */
		D4D2F22A204F81B300073545 /* Frameworks */ = {
			isa = PBXFrameworksBuildPhase;
			buildActionMask = 2147483647;
			files = (
			);
			runOnlyForDeploymentPostprocessing = 0;
		};
		D4D2F242204F81B400073545 /* Frameworks */ = {
			isa = PBXFrameworksBuildPhase;
			buildActionMask = 2147483647;
			files = (
			);
			runOnlyForDeploymentPostprocessing = 0;
		};
		D4D2F24D204F81B400073545 /* Frameworks */ = {
			isa = PBXFrameworksBuildPhase;
			buildActionMask = 2147483647;
			files = (
			);
			runOnlyForDeploymentPostprocessing = 0;
		};
/* End PBXFrameworksBuildPhase section */

/* Begin PBXGroup section */
		D4D2F224204F81B300073545 = {
			isa = PBXGroup;
			children = (
				D4D2F22F204F81B400073545 /* CircleProgressView */,
				D4D2F248204F81B400073545 /* CircleProgressViewTests */,
				D4D2F253204F81B400073545 /* CircleProgressViewUITests */,
				D4D2F22E204F81B400073545 /* Products */,
			);
			sourceTree = "<group>";
		};
		D4D2F22E204F81B400073545 /* Products */ = {
			isa = PBXGroup;
			children = (
				D4D2F22D204F81B400073545 /* CircleProgressView.app */,
				D4D2F245204F81B400073545 /* CircleProgressViewTests.xctest */,
				D4D2F250204F81B400073545 /* CircleProgressViewUITests.xctest */,
			);
			name = Products;
			sourceTree = "<group>";
		};
		D4D2F22F204F81B400073545 /* CircleProgressView */ = {
			isa = PBXGroup;
			children = (
				D4D2F262204F83BD00073545 /* pop */,
				D4D2F230204F81B400073545 /* AppDelegate.h */,
				D4D2F231204F81B400073545 /* AppDelegate.m */,
				D4D2F233204F81B400073545 /* ViewController.h */,
				D4D2F234204F81B400073545 /* ViewController.m */,
				D4D2F2B3204F83DA00073545 /* CircleView.h */,
				D4D2F2B4204F83DB00073545 /* CircleView.m */,
				D4D2F2B0204F83CC00073545 /* UIColor+Ext.h */,
				D4D2F2B1204F83CC00073545 /* UIColor+Ext.m */,
				D4D2F236204F81B400073545 /* Main.storyboard */,
				D4D2F239204F81B400073545 /* Assets.xcassets */,
				D4D2F23B204F81B400073545 /* LaunchScreen.storyboard */,
				D4D2F23E204F81B400073545 /* Info.plist */,
				D4D2F23F204F81B400073545 /* main.m */,
			);
			path = CircleProgressView;
			sourceTree = "<group>";
		};
		D4D2F248204F81B400073545 /* CircleProgressViewTests */ = {
			isa = PBXGroup;
			children = (
				D4D2F249204F81B400073545 /* CircleProgressViewTests.m */,
				D4D2F24B204F81B400073545 /* Info.plist */,
			);
			path = CircleProgressViewTests;
			sourceTree = "<group>";
		};
		D4D2F253204F81B400073545 /* CircleProgressViewUITests */ = {
			isa = PBXGroup;
			children = (
				D4D2F254204F81B400073545 /* CircleProgressViewUITests.m */,
				D4D2F256204F81B400073545 /* Info.plist */,
			);
			path = CircleProgressViewUITests;
			sourceTree = "<group>";
		};
		D4D2F262204F83BD00073545 /* pop */ = {
			isa = PBXGroup;
			children = (
				D4D2F263204F83BD00073545 /* module.modulemap */,
				D4D2F264204F83BD00073545 /* pop-ios-Info.plist */,
				D4D2F265204F83BD00073545 /* pop-osx-Info.plist */,
				D4D2F266204F83BD00073545 /* pop-tvos-Info.plist */,
				D4D2F267204F83BD00073545 /* POP.h */,
				D4D2F268204F83BD00073545 /* POPAction.h */,
				D4D2F269204F83BD00073545 /* POPAnimatableProperty.h */,
				D4D2F26A204F83BD00073545 /* POPAnimatableProperty.mm */,
				D4D2F26B204F83BD00073545 /* POPAnimation.h */,
				D4D2F26C204F83BD00073545 /* POPAnimation.mm */,
				D4D2F26D204F83BD00073545 /* POPAnimationEvent.h */,
				D4D2F26E204F83BD00073545 /* POPAnimationEvent.mm */,
				D4D2F26F204F83BD00073545 /* POPAnimationEventInternal.h */,
				D4D2F270204F83BD00073545 /* POPAnimationExtras.h */,
				D4D2F271204F83BD00073545 /* POPAnimationExtras.mm */,
				D4D2F272204F83BD00073545 /* POPAnimationInternal.h */,
				D4D2F273204F83BD00073545 /* POPAnimationPrivate.h */,
				D4D2F274204F83BD00073545 /* POPAnimationRuntime.h */,
				D4D2F275204F83BD00073545 /* POPAnimationRuntime.mm */,
				D4D2F276204F83BD00073545 /* POPAnimationTracer.h */,
				D4D2F277204F83BD00073545 /* POPAnimationTracer.mm */,
				D4D2F278204F83BD00073545 /* POPAnimationTracerInternal.h */,
				D4D2F279204F83BD00073545 /* POPAnimator.h */,
				D4D2F27A204F83BD00073545 /* POPAnimator.mm */,
				D4D2F27B204F83BD00073545 /* POPAnimatorPrivate.h */,
				D4D2F27C204F83BD00073545 /* POPBasicAnimation.h */,
				D4D2F27D204F83BD00073545 /* POPBasicAnimation.mm */,
				D4D2F27E204F83BD00073545 /* POPBasicAnimationInternal.h */,
				D4D2F27F204F83BD00073545 /* POPCGUtils.h */,
				D4D2F280204F83BD00073545 /* POPCGUtils.mm */,
				D4D2F281204F83BD00073545 /* POPCustomAnimation.h */,
				D4D2F282204F83BD00073545 /* POPCustomAnimation.mm */,
				D4D2F283204F83BD00073545 /* POPDecayAnimation.h */,
				D4D2F284204F83BD00073545 /* POPDecayAnimation.mm */,
				D4D2F285204F83BD00073545 /* POPDecayAnimationInternal.h */,
				D4D2F286204F83BD00073545 /* POPDefines.h */,
				D4D2F287204F83BD00073545 /* POPGeometry.h */,
				D4D2F288204F83BD00073545 /* POPGeometry.mm */,
				D4D2F289204F83BD00073545 /* POPLayerExtras.h */,
				D4D2F28A204F83BD00073545 /* POPLayerExtras.mm */,
				D4D2F28B204F83BD00073545 /* POPMath.h */,
				D4D2F28C204F83BD00073545 /* POPMath.mm */,
				D4D2F28D204F83BD00073545 /* POPPropertyAnimation.h */,
				D4D2F28E204F83BD00073545 /* POPPropertyAnimation.mm */,
				D4D2F28F204F83BD00073545 /* POPPropertyAnimationInternal.h */,
				D4D2F290204F83BD00073545 /* POPSpringAnimation.h */,
				D4D2F291204F83BD00073545 /* POPSpringAnimation.mm */,
				D4D2F292204F83BD00073545 /* POPSpringAnimationInternal.h */,
				D4D2F293204F83BD00073545 /* POPSpringSolver.h */,
				D4D2F294204F83BD00073545 /* POPVector.h */,
				D4D2F295204F83BD00073545 /* POPVector.mm */,
				D4D2F296204F83BD00073545 /* WebCore */,
			);
			path = pop;
			sourceTree = "<group>";
		};
		D4D2F296204F83BD00073545 /* WebCore */ = {
			isa = PBXGroup;
			children = (
				D4D2F297204F83BD00073545 /* FloatConversion.h */,
				D4D2F298204F83BD00073545 /* TransformationMatrix.cpp */,
				D4D2F299204F83BD00073545 /* TransformationMatrix.h */,
				D4D2F29A204F83BD00073545 /* UnitBezier.h */,
			);
			path = WebCore;
			sourceTree = "<group>";
		};
/* End PBXGroup section */

/* Begin PBXNativeTarget section */
		D4D2F22C204F81B300073545 /* CircleProgressView */ = {
			isa = PBXNativeTarget;
			buildConfigurationList = D4D2F259204F81B400073545 /* Build configuration list for PBXNativeTarget "CircleProgressView" */;
			buildPhases = (
				D4D2F229204F81B300073545 /* Sources */,
				D4D2F22A204F81B300073545 /* Frameworks */,
				D4D2F22B204F81B300073545 /* Resources */,
			);
			buildRules = (
			);
			dependencies = (
			);
			name = CircleProgressView;
			productName = CircleProgressView;
			productReference = D4D2F22D204F81B400073545 /* CircleProgressView.app */;
			productType = "com.apple.product-type.application";
		};
		D4D2F244204F81B400073545 /* CircleProgressViewTests */ = {
			isa = PBXNativeTarget;
			buildConfigurationList = D4D2F25C204F81B400073545 /* Build configuration list for PBXNativeTarget "CircleProgressViewTests" */;
			buildPhases = (
				D4D2F241204F81B400073545 /* Sources */,
				D4D2F242204F81B400073545 /* Frameworks */,
				D4D2F243204F81B400073545 /* Resources */,
			);
			buildRules = (
			);
			dependencies = (
				D4D2F247204F81B400073545 /* PBXTargetDependency */,
			);
			name = CircleProgressViewTests;
			productName = CircleProgressViewTests;
			productReference = D4D2F245204F81B400073545 /* CircleProgressViewTests.xctest */;
			productType = "com.apple.product-type.bundle.unit-test";
		};
		D4D2F24F204F81B400073545 /* CircleProgressViewUITests */ = {
			isa = PBXNativeTarget;
			buildConfigurationList = D4D2F25F204F81B400073545 /* Build configuration list for PBXNativeTarget "CircleProgressViewUITests" */;
			buildPhases = (
				D4D2F24C204F81B400073545 /* Sources */,
				D4D2F24D204F81B400073545 /* Frameworks */,
				D4D2F24E204F81B400073545 /* Resources */,
			);
			buildRules = (
			);
			dependencies = (
				D4D2F252204F81B400073545 /* PBXTargetDependency */,
			);
			name = CircleProgressViewUITests;
			productName = CircleProgressViewUITests;
			productReference = D4D2F250204F81B400073545 /* CircleProgressViewUITests.xctest */;
			productType = "com.apple.product-type.bundle.ui-testing";
		};
/* End PBXNativeTarget section */

/* Begin PBXProject section */
		D4D2F225204F81B300073545 /* Project object */ = {
			isa = PBXProject;
			attributes = {
				LastUpgradeCheck = 0920;
				ORGANIZATIONNAME = zdjt;
				TargetAttributes = {
					D4D2F22C204F81B300073545 = {
						CreatedOnToolsVersion = 9.2;
						ProvisioningStyle = Automatic;
					};
					D4D2F244204F81B400073545 = {
						CreatedOnToolsVersion = 9.2;
						ProvisioningStyle = Automatic;
						TestTargetID = D4D2F22C204F81B300073545;
					};
					D4D2F24F204F81B400073545 = {
						CreatedOnToolsVersion = 9.2;
						ProvisioningStyle = Automatic;
						TestTargetID = D4D2F22C204F81B300073545;
					};
				};
			};
			buildConfigurationList = D4D2F228204F81B300073545 /* Build configuration list for PBXProject "CircleProgressView" */;
			compatibilityVersion = "Xcode 8.0";
			developmentRegion = en;
			hasScannedForEncodings = 0;
			knownRegions = (
				en,
				Base,
			);
			mainGroup = D4D2F224204F81B300073545;
			productRefGroup = D4D2F22E204F81B400073545 /* Products */;
			projectDirPath = "";
			projectRoot = "";
			targets = (
				D4D2F22C204F81B300073545 /* CircleProgressView */,
				D4D2F244204F81B400073545 /* CircleProgressViewTests */,
				D4D2F24F204F81B400073545 /* CircleProgressViewUITests */,
			);
		};
/* End PBXProject section */

/* Begin PBXResourcesBuildPhase section */
		D4D2F22B204F81B300073545 /* Resources */ = {
			isa = PBXResourcesBuildPhase;
			buildActionMask = 2147483647;
			files = (
				D4D2F29D204F83BD00073545 /* pop-tvos-Info.plist in Resources */,
				D4D2F29B204F83BD00073545 /* pop-ios-Info.plist in Resources */,
				D4D2F23D204F81B400073545 /* LaunchScreen.storyboard in Resources */,
				D4D2F23A204F81B400073545 /* Assets.xcassets in Resources */,
				D4D2F238204F81B400073545 /* Main.storyboard in Resources */,
				D4D2F29C204F83BD00073545 /* pop-osx-Info.plist in Resources */,
			);
			runOnlyForDeploymentPostprocessing = 0;
		};
		D4D2F243204F81B400073545 /* Resources */ = {
			isa = PBXResourcesBuildPhase;
			buildActionMask = 2147483647;
			files = (
			);
			runOnlyForDeploymentPostprocessing = 0;
		};
		D4D2F24E204F81B400073545 /* Resources */ = {
			isa = PBXResourcesBuildPhase;
			buildActionMask = 2147483647;
			files = (
			);
			runOnlyForDeploymentPostprocessing = 0;
		};
/* End PBXResourcesBuildPhase section */

/* Begin PBXSourcesBuildPhase section */
		D4D2F229204F81B300073545 /* Sources */ = {
			isa = PBXSourcesBuildPhase;
			buildActionMask = 2147483647;
			files = (
				D4D2F235204F81B400073545 /* ViewController.m in Sources */,
				D4D2F2A2204F83BD00073545 /* POPAnimationRuntime.mm in Sources */,
				D4D2F2AE204F83BD00073545 /* POPVector.mm in Sources */,
				D4D2F29F204F83BD00073545 /* POPAnimation.mm in Sources */,
				D4D2F2A3204F83BD00073545 /* POPAnimationTracer.mm in Sources */,
				D4D2F240204F81B400073545 /* main.m in Sources */,
				D4D2F2A9204F83BD00073545 /* POPGeometry.mm in Sources */,
				D4D2F2AF204F83BD00073545 /* TransformationMatrix.cpp in Sources */,
				D4D2F2A1204F83BD00073545 /* POPAnimationExtras.mm in Sources */,
				D4D2F2A0204F83BD00073545 /* POPAnimationEvent.mm in Sources */,
				D4D2F29E204F83BD00073545 /* POPAnimatableProperty.mm in Sources */,
				D4D2F2A4204F83BD00073545 /* POPAnimator.mm in Sources */,
				D4D2F2A8204F83BD00073545 /* POPDecayAnimation.mm in Sources */,
				D4D2F2AD204F83BD00073545 /* POPSpringAnimation.mm in Sources */,
				D4D2F2AC204F83BD00073545 /* POPPropertyAnimation.mm in Sources */,
				D4D2F2A5204F83BD00073545 /* POPBasicAnimation.mm in Sources */,
				D4D2F2AA204F83BD00073545 /* POPLayerExtras.mm in Sources */,
				D4D2F232204F81B400073545 /* AppDelegate.m in Sources */,
				D4D2F2A6204F83BD00073545 /* POPCGUtils.mm in Sources */,
				D4D2F2AB204F83BD00073545 /* POPMath.mm in Sources */,
				D4D2F2B5204F83DB00073545 /* CircleView.m in Sources */,
				D4D2F2A7204F83BD00073545 /* POPCustomAnimation.mm in Sources */,
				D4D2F2B2204F83CD00073545 /* UIColor+Ext.m in Sources */,
			);
			runOnlyForDeploymentPostprocessing = 0;
		};
		D4D2F241204F81B400073545 /* Sources */ = {
			isa = PBXSourcesBuildPhase;
			buildActionMask = 2147483647;
			files = (
				D4D2F24A204F81B400073545 /* CircleProgressViewTests.m in Sources */,
			);
			runOnlyForDeploymentPostprocessing = 0;
		};
		D4D2F24C204F81B400073545 /* Sources */ = {
			isa = PBXSourcesBuildPhase;
			buildActionMask = 2147483647;
			files = (
				D4D2F255204F81B400073545 /* CircleProgressViewUITests.m in Sources */,
			);
			runOnlyForDeploymentPostprocessing = 0;
		};
/* End PBXSourcesBuildPhase section */

/* Begin PBXTargetDependency section */
		D4D2F247204F81B400073545 /* PBXTargetDependency */ = {
			isa = PBXTargetDependency;
			target = D4D2F22C204F81B300073545 /* CircleProgressView */;
			targetProxy = D4D2F246204F81B400073545 /* PBXContainerItemProxy */;
		};
		D4D2F252204F81B400073545 /* PBXTargetDependency */ = {
			isa = PBXTargetDependency;
			target = D4D2F22C204F81B300073545 /* CircleProgressView */;
			targetProxy = D4D2F251204F81B400073545 /* PBXContainerItemProxy */;
		};
/* End PBXTargetDependency section */

/* Begin PBXVariantGroup section */
		D4D2F236204F81B400073545 /* Main.storyboard */ = {
			isa = PBXVariantGroup;
			children = (
				D4D2F237204F81B400073545 /* Base */,
			);
			name = Main.storyboard;
			sourceTree = "<group>";
		};
		D4D2F23B204F81B400073545 /* LaunchScreen.storyboard */ = {
			isa = PBXVariantGroup;
			children = (
				D4D2F23C204F81B400073545 /* Base */,
			);
			name = LaunchScreen.storyboard;
			sourceTree = "<group>";
		};
/* End PBXVariantGroup section */

/* Begin XCBuildConfiguration section */
		D4D2F257204F81B400073545 /* Debug */ = {
			isa = XCBuildConfiguration;
			buildSettings = {
				ALWAYS_SEARCH_USER_PATHS = NO;
				CLANG_ANALYZER_NONNULL = YES;
				CLANG_ANALYZER_NUMBER_OBJECT_CONVERSION = YES_AGGRESSIVE;
				CLANG_CXX_LANGUAGE_STANDARD = "gnu++14";
				CLANG_CXX_LIBRARY = "libc++";
				CLANG_ENABLE_MODULES = YES;
				CLANG_ENABLE_OBJC_ARC = YES;
				CLANG_WARN_BLOCK_CAPTURE_AUTORELEASING = YES;
				CLANG_WARN_BOOL_CONVERSION = YES;
				CLANG_WARN_COMMA = YES;
				CLANG_WARN_CONSTANT_CONVERSION = YES;
				CLANG_WARN_DIRECT_OBJC_ISA_USAGE = YES_ERROR;
				CLANG_WARN_DOCUMENTATION_COMMENTS = YES;
				CLANG_WARN_EMPTY_BODY = YES;
				CLANG_WARN_ENUM_CONVERSION = YES;
				CLANG_WARN_INFINITE_RECURSION = YES;
				CLANG_WARN_INT_CONVERSION = YES;
				CLANG_WARN_NON_LITERAL_NULL_CONVERSION = YES;
				CLANG_WARN_OBJC_LITERAL_CONVERSION = YES;
				CLANG_WARN_OBJC_ROOT_CLASS = YES_ERROR;
				CLANG_WARN_RANGE_LOOP_ANALYSIS = YES;
				CLANG_WARN_STRICT_PROTOTYPES = YES;
				CLANG_WARN_SUSPICIOUS_MOVE = YES;
				CLANG_WARN_UNGUARDED_AVAILABILITY = YES_AGGRESSIVE;
				CLANG_WARN_UNREACHABLE_CODE = YES;
				CLANG_WARN__DUPLICATE_METHOD_MATCH = YES;
				CODE_SIGN_IDENTITY = "iPhone Developer";
				COPY_PHASE_STRIP = NO;
				DEBUG_INFORMATION_FORMAT = dwarf;
				ENABLE_STRICT_OBJC_MSGSEND = YES;
				ENABLE_TESTABILITY = YES;
				GCC_C_LANGUAGE_STANDARD = gnu11;
				GCC_DYNAMIC_NO_PIC = NO;
				GCC_NO_COMMON_BLOCKS = YES;
				GCC_OPTIMIZATION_LEVEL = 0;
				GCC_PREPROCESSOR_DEFINITIONS = (
					"DEBUG=1",
					"$(inherited)",
				);
				GCC_WARN_64_TO_32_BIT_CONVERSION = YES;
				GCC_WARN_ABOUT_RETURN_TYPE = YES_ERROR;
				GCC_WARN_UNDECLARED_SELECTOR = YES;
				GCC_WARN_UNINITIALIZED_AUTOS = YES_AGGRESSIVE;
				GCC_WARN_UNUSED_FUNCTION = YES;
				GCC_WARN_UNUSED_VARIABLE = YES;
				IPHONEOS_DEPLOYMENT_TARGET = 8.0;
				MTL_ENABLE_DEBUG_INFO = YES;
				ONLY_ACTIVE_ARCH = YES;
				SDKROOT = iphoneos;
			};
			name = Debug;
		};
		D4D2F258204F81B400073545 /* Release */ = {
			isa = XCBuildConfiguration;
			buildSettings = {
				ALWAYS_SEARCH_USER_PATHS = NO;
				CLANG_ANALYZER_NONNULL = YES;
				CLANG_ANALYZER_NUMBER_OBJECT_CONVERSION = YES_AGGRESSIVE;
				CLANG_CXX_LANGUAGE_STANDARD = "gnu++14";
				CLANG_CXX_LIBRARY = "libc++";
				CLANG_ENABLE_MODULES = YES;
				CLANG_ENABLE_OBJC_ARC = YES;
				CLANG_WARN_BLOCK_CAPTURE_AUTORELEASING = YES;
				CLANG_WARN_BOOL_CONVERSION = YES;
				CLANG_WARN_COMMA = YES;
				CLANG_WARN_CONSTANT_CONVERSION = YES;
				CLANG_WARN_DIRECT_OBJC_ISA_USAGE = YES_ERROR;
				CLANG_WARN_DOCUMENTATION_COMMENTS = YES;
				CLANG_WARN_EMPTY_BODY = YES;
				CLANG_WARN_ENUM_CONVERSION = YES;
				CLANG_WARN_INFINITE_RECURSION = YES;
				CLANG_WARN_INT_CONVERSION = YES;
				CLANG_WARN_NON_LITERAL_NULL_CONVERSION = YES;
				CLANG_WARN_OBJC_LITERAL_CONVERSION = YES;
				CLANG_WARN_OBJC_ROOT_CLASS = YES_ERROR;
				CLANG_WARN_RANGE_LOOP_ANALYSIS = YES;
				CLANG_WARN_STRICT_PROTOTYPES = YES;
				CLANG_WARN_SUSPICIOUS_MOVE = YES;
				CLANG_WARN_UNGUARDED_AVAILABILITY = YES_AGGRESSIVE;
				CLANG_WARN_UNREACHABLE_CODE = YES;
				CLANG_WARN__DUPLICATE_METHOD_MATCH = YES;
				CODE_SIGN_IDENTITY = "iPhone Developer";
				COPY_PHASE_STRIP = NO;
				DEBUG_INFORMATION_FORMAT = "dwarf-with-dsym";
				ENABLE_NS_ASSERTIONS = NO;
				ENABLE_STRICT_OBJC_MSGSEND = YES;
				GCC_C_LANGUAGE_STANDARD = gnu11;
				GCC_NO_COMMON_BLOCKS = YES;
				GCC_WARN_64_TO_32_BIT_CONVERSION = YES;
				GCC_WARN_ABOUT_RETURN_TYPE = YES_ERROR;
				GCC_WARN_UNDECLARED_SELECTOR = YES;
				GCC_WARN_UNINITIALIZED_AUTOS = YES_AGGRESSIVE;
				GCC_WARN_UNUSED_FUNCTION = YES;
				GCC_WARN_UNUSED_VARIABLE = YES;
				IPHONEOS_DEPLOYMENT_TARGET = 8.0;
				MTL_ENABLE_DEBUG_INFO = NO;
				SDKROOT = iphoneos;
				VALIDATE_PRODUCT = YES;
			};
			name = Release;
		};
		D4D2F25A204F81B400073545 /* Debug */ = {
			isa = XCBuildConfiguration;
			buildSettings = {
				ASSETCATALOG_COMPILER_APPICON_NAME = AppIcon;
				CODE_SIGN_STYLE = Automatic;
				DEVELOPMENT_TEAM = 7KB5AS4MMH;
				INFOPLIST_FILE = CircleProgressView/Info.plist;
				IPHONEOS_DEPLOYMENT_TARGET = 8.0;
				LD_RUNPATH_SEARCH_PATHS = "$(inherited) @executable_path/Frameworks";
				PRODUCT_BUNDLE_IDENTIFIER = com.frBao.CircleProgressView;
				PRODUCT_NAME = "$(TARGET_NAME)";
				TARGETED_DEVICE_FAMILY = 1;
			};
			name = Debug;
		};
		D4D2F25B204F81B400073545 /* Release */ = {
			isa = XCBuildConfiguration;
			buildSettings = {
				ASSETCATALOG_COMPILER_APPICON_NAME = AppIcon;
				CODE_SIGN_STYLE = Automatic;
				DEVELOPMENT_TEAM = 7KB5AS4MMH;
				INFOPLIST_FILE = CircleProgressView/Info.plist;
				IPHONEOS_DEPLOYMENT_TARGET = 8.0;
				LD_RUNPATH_SEARCH_PATHS = "$(inherited) @executable_path/Frameworks";
				PRODUCT_BUNDLE_IDENTIFIER = com.frBao.CircleProgressView;
				PRODUCT_NAME = "$(TARGET_NAME)";
				TARGETED_DEVICE_FAMILY = 1;
			};
			name = Release;
		};
		D4D2F25D204F81B400073545 /* Debug */ = {
			isa = XCBuildConfiguration;
			buildSettings = {
				BUNDLE_LOADER = "$(TEST_HOST)";
				CODE_SIGN_STYLE = Automatic;
				DEVELOPMENT_TEAM = 7KB5AS4MMH;
				INFOPLIST_FILE = CircleProgressViewTests/Info.plist;
				LD_RUNPATH_SEARCH_PATHS = "$(inherited) @executable_path/Frameworks @loader_path/Frameworks";
				PRODUCT_BUNDLE_IDENTIFIER = com.frBao.CircleProgressViewTests;
				PRODUCT_NAME = "$(TARGET_NAME)";
				TARGETED_DEVICE_FAMILY = "1,2";
				TEST_HOST = "$(BUILT_PRODUCTS_DIR)/CircleProgressView.app/CircleProgressView";
			};
			name = Debug;
		};
		D4D2F25E204F81B400073545 /* Release */ = {
			isa = XCBuildConfiguration;
			buildSettings = {
				BUNDLE_LOADER = "$(TEST_HOST)";
				CODE_SIGN_STYLE = Automatic;
				DEVELOPMENT_TEAM = 7KB5AS4MMH;
				INFOPLIST_FILE = CircleProgressViewTests/Info.plist;
				LD_RUNPATH_SEARCH_PATHS = "$(inherited) @executable_path/Frameworks @loader_path/Frameworks";
				PRODUCT_BUNDLE_IDENTIFIER = com.frBao.CircleProgressViewTests;
				PRODUCT_NAME = "$(TARGET_NAME)";
				TARGETED_DEVICE_FAMILY = "1,2";
				TEST_HOST = "$(BUILT_PRODUCTS_DIR)/CircleProgressView.app/CircleProgressView";
			};
			name = Release;
		};
		D4D2F260204F81B400073545 /* Debug */ = {
			isa = XCBuildConfiguration;
			buildSettings = {
				CODE_SIGN_STYLE = Automatic;
				DEVELOPMENT_TEAM = 7KB5AS4MMH;
				INFOPLIST_FILE = CircleProgressViewUITests/Info.plist;
				LD_RUNPATH_SEARCH_PATHS = "$(inherited) @executable_path/Frameworks @loader_path/Frameworks";
				PRODUCT_BUNDLE_IDENTIFIER = com.frBao.CircleProgressViewUITests;
				PRODUCT_NAME = "$(TARGET_NAME)";
				TARGETED_DEVICE_FAMILY = "1,2";
				TEST_TARGET_NAME = CircleProgressView;
			};
			name = Debug;
		};
		D4D2F261204F81B400073545 /* Release */ = {
			isa = XCBuildConfiguration;
			buildSettings = {
				CODE_SIGN_STYLE = Automatic;
				DEVELOPMENT_TEAM = 7KB5AS4MMH;
				INFOPLIST_FILE = CircleProgressViewUITests/Info.plist;
				LD_RUNPATH_SEARCH_PATHS = "$(inherited) @executable_path/Frameworks @loader_path/Frameworks";
				PRODUCT_BUNDLE_IDENTIFIER = com.frBao.CircleProgressViewUITests;
				PRODUCT_NAME = "$(TARGET_NAME)";
				TARGETED_DEVICE_FAMILY = "1,2";
				TEST_TARGET_NAME = CircleProgressView;
			};
			name = Release;
		};
/* End XCBuildConfiguration section */

/* Begin XCConfigurationList section */
		D4D2F228204F81B300073545 /* Build configuration list for PBXProject "CircleProgressView" */ = {
			isa = XCConfigurationList;
			buildConfigurations = (
				D4D2F257204F81B400073545 /* Debug */,
				D4D2F258204F81B400073545 /* Release */,
			);
			defaultConfigurationIsVisible = 0;
			defaultConfigurationName = Release;
		};
		D4D2F259204F81B400073545 /* Build configuration list for PBXNativeTarget "CircleProgressView" */ = {
			isa = XCConfigurationList;
			buildConfigurations = (
				D4D2F25A204F81B400073545 /* Debug */,
				D4D2F25B204F81B400073545 /* Release */,
			);
			defaultConfigurationIsVisible = 0;
			defaultConfigurationName = Release;
		};
		D4D2F25C204F81B400073545 /* Build configuration list for PBXNativeTarget "CircleProgressViewTests" */ = {
			isa = XCConfigurationList;
			buildConfigurations = (
				D4D2F25D204F81B400073545 /* Debug */,
				D4D2F25E204F81B400073545 /* Release */,
			);
			defaultConfigurationIsVisible = 0;
			defaultConfigurationName = Release;
		};
		D4D2F25F204F81B400073545 /* Build configuration list for PBXNativeTarget "CircleProgressViewUITests" */ = {
			isa = XCConfigurationList;
			buildConfigurations = (
				D4D2F260204F81B400073545 /* Debug */,
				D4D2F261204F81B400073545 /* Release */,
			);
			defaultConfigurationIsVisible = 0;
			defaultConfigurationName = Release;
		};
/* End XCConfigurationList section */
	};
	rootObject = D4D2F225204F81B300073545 /* Project object */;
}
